<?xml version="1.0" encoding="utf-8"?>
<Project ToolsVersion="4.0" xmlns="http://schemas.microsoft.com/developer/msbuild/2003">
  <ItemGroup>
    <Filter Include="源文件">
      <UniqueIdentifier>{4FC737F1-C7A5-4376-A066-2A32D752A2FF}</UniqueIdentifier>
      <Extensions>cpp;c;cc;cxx;def;odl;idl;hpj;bat;asm;asmx</Extensions>
    </Filter>
    <Filter Include="头文件">
      <UniqueIdentifier>{93995380-89BD-4b04-88EB-625FBE52EBFB}</UniqueIdentifier>
      <Extensions>h;hh;hpp;hxx;hm;inl;inc;xsd</Extensions>
    </Filter>
    <Filter Include="tool">
      <UniqueIdentifier>{19442278-e472-4e41-96a9-8a904764b0c7}</UniqueIdentifier>
    </Filter>
    <Filter Include="src">
      <UniqueIdentifier>{3865e68f-82cc-40be-a8bf-e3bf16daac7a}</UniqueIdentifier>
    </Filter>
    <Filter Include="msg">
      <UniqueIdentifier>{8583f69c-a16d-44f1-8fdb-04472083be49}</UniqueIdentifier>
    </Filter>
  </ItemGroup>
  <ItemGroup>
    <ClInclude Include="stdafx.h">
      <Filter>头文件</Filter>
    </ClInclude>
    <ClInclude Include="..\src\public.h">
      <Filter>头文件</Filter>
    </ClInclude>
    <ClInclude Include="..\src\server\define.h">
      <Filter>src</Filter>
    </ClInclude>
    <ClInclude Include="..\src\server\ServLink.h">
      <Filter>src</Filter>
    </ClInclude>
    <ClInclude Include="..\src\server\ServLinkMgr.h">
      <Filter>src</Filter>
    </ClInclude>
    <ClInclude Include="..\tool\buffer.h">
      <Filter>tool</Filter>
    </ClInclude>
    <ClInclude Include="..\tool\cLock.h">
      <Filter>tool</Filter>
    </ClInclude>
    <ClInclude Include="..\tool\thread.h">
      <Filter>tool</Filter>
    </ClInclude>
    <ClInclude Include="..\tool\Mempool.h">
      <Filter>tool</Filter>
    </ClInclude>
    <ClInclude Include="..\src\msg\MsgEnum.h">
      <Filter>msg</Filter>
    </ClInclude>
    <ClInclude Include="..\src\msg\MsgPool.h">
      <Filter>msg</Filter>
    </ClInclude>
    <ClInclude Include="..\src\msg\Player.h">
      <Filter>msg</Filter>
    </ClInclude>
    <ClInclude Include="..\src\msg\PlayerMsg.h">
      <Filter>msg</Filter>
    </ClInclude>
    <ClInclude Include="..\tool\SafeQueue.h">
      <Filter>tool</Filter>
    </ClInclude>
  </ItemGroup>
  <ItemGroup>
    <ClCompile Include="stdafx.cpp">
      <Filter>源文件</Filter>
    </ClCompile>
    <ClCompile Include="main.cpp">
      <Filter>源文件</Filter>
    </ClCompile>
    <ClCompile Include="..\src\server\ServLink.cpp">
      <Filter>src</Filter>
    </ClCompile>
    <ClCompile Include="..\src\server\ServLinkMgr.cpp">
      <Filter>src</Filter>
    </ClCompile>
    <ClCompile Include="..\src\msg\MsgPool.cpp">
      <Filter>msg</Filter>
    </ClCompile>
    <ClCompile Include="..\src\msg\Player.cpp">
      <Filter>msg</Filter>
    </ClCompile>
  </ItemGroup>
</Project>